
Microsoft Visual Studio Solution File, Format Version 12.00
# Visual Studio Version 17
VisualStudioVersion = 17.0.31903.59
MinimumVisualStudioVersion = 10.0.40219.1
Project("{9A19103F-16F7-4668-BE54-9A1E7A4F7556}") = "AdventOfCode2021", "AdventOfCode2021\AdventOfCode2021.csproj", "{C28B3036-B097-4D9F-8E6E-256F70B5BB63}"
EndProject
Project("{9A19103F-16F7-4668-BE54-9A1E7A4F7556}") = "AdventOfCode2020", "AdventOfCode2020\AdventOfCode2020.csproj", "{BF57F387-0FC0-4F47-888E-D730813860D6}"
EndProject
Project("{FAE04EC0-301F-11D3-BF4B-00C04F79EFBC}") = "AdventOfCode2022", "AdventOfCode2022\AdventOfCode2022.csproj", "{EF145623-F32C-4131-99A8-3500BA8C1A40}"
EndProject
Global
	GlobalSection(SolutionConfigurationPlatforms) = preSolution
		Debug|Any CPU = Debug|Any CPU
		Release|Any CPU = Release|Any CPU
	EndGlobalSection
	GlobalSection(ProjectConfigurationPlatforms) = postSolution
		{C28B3036-B097-4D9F-8E6E-256F70B5BB63}.Debug|Any CPU.ActiveCfg = Debug|Any CPU
		{C28B3036-B097-4D9F-8E6E-256F70B5BB63}.Debug|Any CPU.Build.0 = Debug|Any CPU
		{C28B3036-B097-4D9F-8E6E-256F70B5BB63}.Release|Any CPU.ActiveCfg = Release|Any CPU
		{C28B3036-B097-4D9F-8E6E-256F70B5BB63}.Release|Any CPU.Build.0 = Release|Any CPU
		{BF57F387-0FC0-4F47-888E-D730813860D6}.Debug|Any CPU.ActiveCfg = Debug|Any CPU
		{BF57F387-0FC0-4F47-888E-D730813860D6}.Debug|Any CPU.Build.0 = Debug|Any CPU
		{BF57F387-0FC0-4F47-888E-D730813860D6}.Release|Any CPU.ActiveCfg = Release|Any CPU
		{BF57F387-0FC0-4F47-888E-D730813860D6}.Release|Any CPU.Build.0 = Release|Any CPU
		{EF145623-F32C-4131-99A8-3500BA8C1A40}.Debug|Any CPU.ActiveCfg = Debug|Any CPU
		{EF145623-F32C-4131-99A8-3500BA8C1A40}.Debug|Any CPU.Build.0 = Debug|Any CPU
		{EF145623-F32C-4131-99A8-3500BA8C1A40}.Release|Any CPU.ActiveCfg = Release|Any CPU
		{EF145623-F32C-4131-99A8-3500BA8C1A40}.Release|Any CPU.Build.0 = Release|Any CPU
	EndGlobalSection
	GlobalSection(SolutionProperties) = preSolution
		HideSolutionNode = FALSE
	EndGlobalSection
	GlobalSection(ExtensibilityGlobals) = postSolution
		SolutionGuid = {2B3923F0-3888-4289-87CC-8CA41BCC70B3}
	EndGlobalSection
EndGlobal
